
Microsoft Visual Studio Solution File, Format Version 12.00
# Visual Studio 2015
Project("{FAE04EC0-301F-11D3-BF4B-00C04F79EFBC}") = "LD41", "LD41.csproj", "{855AD4BC-D690-5F48-1B48-EA6DD5D790C8}"
EndProject
Global
	GlobalSection(SolutionConfigurationPlatforms) = preSolution
		Debug|Any CPU = Debug|Any CPU
		Release|Any CPU = Release|Any CPU
	EndGlobalSection
	GlobalSection(ProjectConfigurationPlatforms) = postSolution
		{855AD4BC-D690-5F48-1B48-EA6DD5D790C8}.Debug|Any CPU.ActiveCfg = Debug|Any CPU
		{855AD4BC-D690-5F48-1B48-EA6DD5D790C8}.Debug|Any CPU.Build.0 = Debug|Any CPU
		{855AD4BC-D690-5F48-1B48-EA6DD5D790C8}.Release|Any CPU.ActiveCfg = Release|Any CPU
		{855AD4BC-D690-5F48-1B48-EA6DD5D790C8}.Release|Any CPU.Build.0 = Release|Any CPU
	EndGlobalSection
	GlobalSection(SolutionProperties) = preSolution
		HideSolutionNode = FALSE
	EndGlobalSection
EndGlobal
